cloud.google.com/go/compute v1.5.0 h1:b1zWmYuuHz7gO9kDcM/EpHGr06UgsYNRpNJzI2kFiLM=
github.com/Microsoft/go-winio v0.5.1 h1:aPJp2QD7OOrhO5tQXqQoGSJc+DjDtWTGLOmNyAm6FgY=
github.com/Microsoft/hcsshim v0.9.2 h1:wB06W5aYFfUB3IvootYAY2WnOmIdgPGfqSI6tufQNnY=
github.com/containerd/cgroups v1.0.3 h1:ADZftAkglvCiD44c77s5YmMqaP2pzVCFZvBmAlBdAP4=
github.com/containerd/containerd v1.6.1 h1:oa2uY0/0G+JX4X7hpGCYvkp9FjUancz56kSNnb1sG3o=
github.com/containerd/continuity v0.2.2 h1:QSqfxcn8c+12slxwu00AtzXrsami0MJb/MQs9lOLHLA=
github.com/containerd/fifo v1.0.0 h1:6PirWBr9/L7GDamKr+XM0IeUFXu5mf3M/BPpH9gaLBU=
github.com/containerd/ttrpc v1.1.0 h1:GbtyLRxb0gOLR0TYQWt3O6B0NvT8tMdorEHqIQo/lWI=
github.com/containerd/typeurl v1.0.2 h1:Chlt8zIieDbzQFzXzAeBEF92KhExuE4p9p92/QmY7aY=
github.com/davecgh/go-spew v1.1.1 h1:vj9j/u1bqnvCEfJOwUhtlOARqs3+rkHYY13jYWTU97c=
github.com/docker/go-events v0.0.0-20190806004212-e31b211e4f1c h1:+pKlWGMw7gf6bQ+oDZB4KHQFypsfjYlq/C4rfL7D3g8=
github.com/gogo/googleapis v1.4.0 h1:zgVt4UpGxcqVOw97aRGxT4svlcmdK35fynLNctY32zI=
github.com/gogo/protobuf v1.3.2 h1:Ov1cvc58UF3b5XjBnZv7+opcTcQFZebYjWzi34vdm4Q=
github.com/golang/groupcache v0.0.0-20210331224755-41bb18bfe9da h1:oI5xCqsCo564l8iNU+DwB5epxmsaqB+rhGL0m5jtYqE=
github.com/golang/protobuf v1.5.2 h1:ROPKBNFfQgOUMifHyP+KYbvpjbdoFNs+aK7DXlji0Tw=
github.com/google/certificate-transparency-go v1.1.2 h1:4hE0GEId6NAW28dFpC+LrRGwQX5dtmXQGDbg8+/MZOM=
github.com/google/go-attestation v0.4.3 h1:hHhPfym1TZm88L7sWmdc/moikHt80ls6mEiU+QvhRvk=
github.com/google/go-cmp v0.5.7 h1:81/ik6ipDQS2aGcBfIN5dHDB36BwrStyeAQquSYCV4o=
github.com/google/go-tpm v0.3.3 h1:P/ZFNBZYXRxc+z7i5uyd8VP7MaDteuLZInzrH2idRGo=
github.com/google/go-tpm-tools v0.3.6 h1:GG3XbzUpU37DBb45tmzbSpvoIzTFImpeDckZhaD9egU=
github.com/google/go-tspi v0.2.1-0.20190423175329-115dea689aad h1:LnpS22S8V1HqbxjveESGAazHhi6BX9SwI2Rij7qZcXQ=
github.com/google/uuid v1.2.0 h1:qJYtXnJRWmpe7m/3XlyhrsLrEURqHRM2kxzoxXqyUDs=
github.com/klauspost/compress v1.11.13 h1:eSvu8Tmq6j2psUJqJrLcWH6K3w5Dwc+qipbaA6eVEN4=
github.com/moby/locker v1.0.1 h1:fOXqR41zeveg4fFODix+1Ch4mj/gT0NE1XJbp/epuBg=
github.com/moby/sys/mountinfo v0.5.0 h1:2Ks8/r6lopsxWi9m58nlwjaeSzUX9iiL1vj5qB/9ObI=
github.com/moby/sys/signal v0.6.0 h1:aDpY94H8VlhTGa9sNYUFCFsMZIUh5wm0B6XkIoJj/iY=
github.com/opencontainers/go-digest v1.0.0 h1:apOUWs51W5PlhuyGyz9FCeeBIOUDA/6nW8Oi/yOhh5U=
github.com/opencontainers/image-spec v1.0.2-0.20211117181255-693428a734f5 h1:q37d91F6BO4Jp1UqWiun0dUFYaqv6WsKTLTCaWv+8LY=
github.com/opencontainers/runc v1.1.0 h1:O9+X96OcDjkmmZyfaG996kV7yq8HsoU2h1XRRQcefG8=
github.com/opencontainers/runtime-spec v1.0.3-0.20210326190908-1c3f411f0417 h1:3snG66yBm59tKhhSPQrQ/0bCrv1LQbKt40LnUPiUxdc=
github.com/opencontainers/selinux v1.10.0 h1:rAiKF8hTcgLI3w0DHm6i0ylVVcOrlgR1kK99DRLDhyU=
github.com/pkg/errors v0.9.1 h1:FEBLx1zS214owpjy7qsBeixbURkuhQAwrK5UwLGTwt4=
github.com/pmezard/go-difflib v1.0.0 h1:4DBwDE0NGyQoBHbLQYPwSUPoCMWR5BEzIk/f1lZbAQM=
github.com/prometheus/procfs v0.7.3 h1:4jVXhlkAyzOScmCkXBTOLRLTz8EeU+eyjrwB/EPq0VU=
github.com/sirupsen/logrus v1.8.1 h1:dJKuHgqk1NNQlqoA6BTlM1Wf9DOH3NBjQyu0h9+AZZE=
github.com/stretchr/testify v1.7.0 h1:nwc3DEeHmmLAfoZucVR881uASk0Mfjw8xYJ99tb5CcY=
go.opencensus.io v0.23.0 h1:gqCw0LfLxScz8irSi8exQc7fyQ0fKQU/qnC/X8+V/1M=
golang.org/x/crypto v0.0.0-20210817164053-32db794688a5 h1:HWj/xjIHfjYU5nVXpTM0s39J9CbLn7Cc5a7IC5rwsMQ=
golang.org/x/net v0.0.0-20220127200216-cd36cc0744dd h1:O7DYs+zxREGLKzKoMQrtrEacpb0ZVXA5rIwylE2Xchk=
golang.org/x/oauth2 v0.0.0-20220309155454-6242fa91716a h1:qfl7ob3DIEs3Ml9oLuPwY2N04gymzAW04WsUQHIClgM=
golang.org/x/sync v0.0.0-20210220032951-036812b2e83c h1:5KslGYwFpkhGh+Q16bwMP3cOontH8FOep7tGV86Y7SQ=
golang.org/x/sys v0.0.0-20220209214540-3681064d5158 h1:rm+CHSpPEEW2IsXUib1ThaHIjuBVZjxNgSKmBLFfD4c=
golang.org/x/text v0.3.7 h1:olpwvP2KacW1ZWvsR7uQhoyTYvKAupfQrRGBFM352Gk=
golang.org/x/xerrors v0.0.0-20200804184101-5ec99f83aff1 h1:go1bK/D/BFZV2I8cIQd1NKEZ+0owSTG1fDTci4IqFcE=
google.golang.org/appengine v1.6.7 h1:FZR1q0exgwxzPzp/aF+VccGrSfxfPpkBqjIIEq3ru6c=
google.golang.org/genproto v0.0.0-20220317150908-0efb43f6373e h1:fNKDNuUyC4WH+inqDMpfXDdfvwfYILbsX+oskGZ8hxg=
google.golang.org/grpc v1.45.0 h1:NEpgUqV3Z+ZjkqMsxMg11IaDrXY4RY6CQukSGK0uI1M=
google.golang.org/protobuf v1.27.1 h1:SnqbnDw1V7RiZcXPx5MEeqPv2s79L9i7BJUlG/+RurQ=
gopkg.in/yaml.v3 v3.0.0-20210107192922-496545a6307b h1:h8qDotaEPuJATrMmW04NCwg7v22aHH28wwpauUhK9Oo=
gotest.tools/v3 v3.0.3 h1:4AuOwCGf4lLR9u3YOe2awrHygurzhO/HeQ6laiA6Sx0=
