github.com/google/certificate-transparency-go v1.1.2 h1:4hE0GEId6NAW28dFpC+LrRGwQX5dtmXQGDbg8+/MZOM=
github.com/google/go-attestation v0.4.3 h1:hHhPfym1TZm88L7sWmdc/moikHt80ls6mEiU+QvhRvk=
github.com/google/go-cmp v0.5.7 h1:81/ik6ipDQS2aGcBfIN5dHDB36BwrStyeAQquSYCV4o=
github.com/google/go-tpm v0.3.3 h1:P/ZFNBZYXRxc+z7i5uyd8VP7MaDteuLZInzrH2idRGo=
github.com/google/go-tpm-tools v0.3.6 h1:GG3XbzUpU37DBb45tmzbSpvoIzTFImpeDckZhaD9egU=
github.com/google/go-tpm-tools v0.3.6/go.mod h1:qfHzQi877eMFmaOWngbcJPz5IOASSHmgeMWvT00aYyA=
github.com/google/go-tspi v0.2.1-0.20190423175329-115dea689aad h1:LnpS22S8V1HqbxjveESGAazHhi6BX9SwI2Rij7qZcXQ=
github.com/inconshreveable/mousetrap v1.0.0 h1:Z8tu5sraLXCXIcARxBp/8cbvlwVa7Z1NHg9XEKhtSvM=
github.com/spf13/cobra v1.3.0 h1:R7cSvGu+Vv+qX0gW5R/85dx2kmmJT5z5NM8ifdYjdn0=
github.com/spf13/pflag v1.0.5 h1:iy+VFUOCP1a+8yFto/drg2CJ5u0yRoB7fZw3DKv/JXA=
golang.org/x/crypto v0.0.0-20210817164053-32db794688a5 h1:HWj/xjIHfjYU5nVXpTM0s39J9CbLn7Cc5a7IC5rwsMQ=
golang.org/x/sys v0.0.0-20220209214540-3681064d5158 h1:rm+CHSpPEEW2IsXUib1ThaHIjuBVZjxNgSKmBLFfD4c=
golang.org/x/xerrors v0.0.0-20200804184101-5ec99f83aff1 h1:go1bK/D/BFZV2I8cIQd1NKEZ+0owSTG1fDTci4IqFcE=
google.golang.org/protobuf v1.27.1 h1:SnqbnDw1V7RiZcXPx5MEeqPv2s79L9i7BJUlG/+RurQ=
